// !$*UTF8*$!
{
	archiveVersion = 1;
	classes = {
	};
	objectVersion = 46;
	objects = {

/* Begin PBXBuildFile section */
		DC5066D6175D6560003579C6 /* UIKit.framework in Frameworks */ = {isa = PBXBuildFile; fileRef = DC5066D5175D6560003579C6 /* UIKit.framework */; };
		DC5066D8175D6560003579C6 /* Foundation.framework in Frameworks */ = {isa = PBXBuildFile; fileRef = DC5066D7175D6560003579C6 /* Foundation.framework */; };
		DC5066DA175D6560003579C6 /* CoreGraphics.framework in Frameworks */ = {isa = PBXBuildFile; fileRef = DC5066D9175D6560003579C6 /* CoreGraphics.framework */; };
		DC5066E0175D6560003579C6 /* InfoPlist.strings in Resources */ = {isa = PBXBuildFile; fileRef = DC5066DE175D6560003579C6 /* InfoPlist.strings */; };
		DC5066E2175D6560003579C6 /* main.m in Sources */ = {isa = PBXBuildFile; fileRef = DC5066E1175D6560003579C6 /* main.m */; };
		DC5066E6175D6560003579C6 /* ASLSAppDelegate.m in Sources */ = {isa = PBXBuildFile; fileRef = DC5066E5175D6560003579C6 /* ASLSAppDelegate.m */; };
		DC5066E8175D6560003579C6 /* Default.png in Resources */ = {isa = PBXBuildFile; fileRef = DC5066E7175D6560003579C6 /* Default.png */; };
		DC5066EA175D6560003579C6 /* Default@2x.png in Resources */ = {isa = PBXBuildFile; fileRef = DC5066E9175D6560003579C6 /* Default@2x.png */; };
		DC5066EC175D6560003579C6 /* Default-568h@2x.png in Resources */ = {isa = PBXBuildFile; fileRef = DC5066EB175D6560003579C6 /* Default-568h@2x.png */; };
		DC5066F4175D65BE003579C6 /* ASLSAnnouncementsViewController.m in Sources */ = {isa = PBXBuildFile; fileRef = DC5066F3175D65BE003579C6 /* ASLSAnnouncementsViewController.m */; };
		DC5066F7175D66DE003579C6 /* ASLSAnnouncement.m in Sources */ = {isa = PBXBuildFile; fileRef = DC5066F6175D66DE003579C6 /* ASLSAnnouncement.m */; };
		DC5066FA175D6C5B003579C6 /* ASLSAnnouncementGroup.m in Sources */ = {isa = PBXBuildFile; fileRef = DC5066F9175D6C5A003579C6 /* ASLSAnnouncementGroup.m */; };
		DC5067F6175DC56D003579C6 /* announce_codes.json in Resources */ = {isa = PBXBuildFile; fileRef = DC5067F5175DC56D003579C6 /* announce_codes.json */; };
		DC5067F8175DCACA003579C6 /* groupings.json in Resources */ = {isa = PBXBuildFile; fileRef = DC5067F7175DCACA003579C6 /* groupings.json */; };
		DC5067FA175DD679003579C6 /* iPhone.png in Resources */ = {isa = PBXBuildFile; fileRef = DC5067F9175DD679003579C6 /* iPhone.png */; };
		DC5067FC175DD6BA003579C6 /* iPhone Retina.png in Resources */ = {isa = PBXBuildFile; fileRef = DC5067FB175DD6BA003579C6 /* iPhone Retina.png */; };
		DC5067FE175DD6C2003579C6 /* iPad.png in Resources */ = {isa = PBXBuildFile; fileRef = DC5067FD175DD6C2003579C6 /* iPad.png */; };
		DC506800175DD6C6003579C6 /* iPad Retina.png in Resources */ = {isa = PBXBuildFile; fileRef = DC5067FF175DD6C6003579C6 /* iPad Retina.png */; };
		DCFDA668175EB1CA004FBD9F /* ASLSAnnouncementCell.m in Sources */ = {isa = PBXBuildFile; fileRef = DCFDA667175EB1CA004FBD9F /* ASLSAnnouncementCell.m */; };
/* End PBXBuildFile section */

/* Begin PBXFileReference section */
		DC5066D2175D6560003579C6 /* AS Announcer.app */ = {isa = PBXFileReference; explicitFileType = wrapper.application; includeInIndex = 0; path = "AS Announcer.app"; sourceTree = BUILT_PRODUCTS_DIR; };
		DC5066D5175D6560003579C6 /* UIKit.framework */ = {isa = PBXFileReference; lastKnownFileType = wrapper.framework; name = UIKit.framework; path = System/Library/Frameworks/UIKit.framework; sourceTree = SDKROOT; };
		DC5066D7175D6560003579C6 /* Foundation.framework */ = {isa = PBXFileReference; lastKnownFileType = wrapper.framework; name = Foundation.framework; path = System/Library/Frameworks/Foundation.framework; sourceTree = SDKROOT; };
		DC5066D9175D6560003579C6 /* CoreGraphics.framework */ = {isa = PBXFileReference; lastKnownFileType = wrapper.framework; name = CoreGraphics.framework; path = System/Library/Frameworks/CoreGraphics.framework; sourceTree = SDKROOT; };
		DC5066DD175D6560003579C6 /* AS Announcer-Info.plist */ = {isa = PBXFileReference; lastKnownFileType = text.plist.xml; path = "AS Announcer-Info.plist"; sourceTree = "<group>"; };
		DC5066DF175D6560003579C6 /* en */ = {isa = PBXFileReference; lastKnownFileType = text.plist.strings; name = en; path = en.lproj/InfoPlist.strings; sourceTree = "<group>"; };
		DC5066E1175D6560003579C6 /* main.m */ = {isa = PBXFileReference; lastKnownFileType = sourcecode.c.objc; path = main.m; sourceTree = "<group>"; };
		DC5066E3175D6560003579C6 /* AS Announcer-Prefix.pch */ = {isa = PBXFileReference; lastKnownFileType = sourcecode.c.h; path = "AS Announcer-Prefix.pch"; sourceTree = "<group>"; };
		DC5066E4175D6560003579C6 /* ASLSAppDelegate.h */ = {isa = PBXFileReference; lastKnownFileType = sourcecode.c.h; path = ASLSAppDelegate.h; sourceTree = "<group>"; };
		DC5066E5175D6560003579C6 /* ASLSAppDelegate.m */ = {isa = PBXFileReference; lastKnownFileType = sourcecode.c.objc; path = ASLSAppDelegate.m; sourceTree = "<group>"; };
		DC5066E7175D6560003579C6 /* Default.png */ = {isa = PBXFileReference; lastKnownFileType = image.png; path = Default.png; sourceTree = "<group>"; };
		DC5066E9175D6560003579C6 /* Default@2x.png */ = {isa = PBXFileReference; lastKnownFileType = image.png; path = "Default@2x.png"; sourceTree = "<group>"; };
		DC5066EB175D6560003579C6 /* Default-568h@2x.png */ = {isa = PBXFileReference; lastKnownFileType = image.png; path = "Default-568h@2x.png"; sourceTree = "<group>"; };
		DC5066F2175D65BE003579C6 /* ASLSAnnouncementsViewController.h */ = {isa = PBXFileReference; fileEncoding = 4; lastKnownFileType = sourcecode.c.h; path = ASLSAnnouncementsViewController.h; sourceTree = "<group>"; };
		DC5066F3175D65BE003579C6 /* ASLSAnnouncementsViewController.m */ = {isa = PBXFileReference; fileEncoding = 4; lastKnownFileType = sourcecode.c.objc; path = ASLSAnnouncementsViewController.m; sourceTree = "<group>"; };
		DC5066F5175D66DE003579C6 /* ASLSAnnouncement.h */ = {isa = PBXFileReference; fileEncoding = 4; lastKnownFileType = sourcecode.c.h; path = ASLSAnnouncement.h; sourceTree = "<group>"; };
		DC5066F6175D66DE003579C6 /* ASLSAnnouncement.m */ = {isa = PBXFileReference; fileEncoding = 4; lastKnownFileType = sourcecode.c.objc; path = ASLSAnnouncement.m; sourceTree = "<group>"; };
		DC5066F8175D6C5A003579C6 /* ASLSAnnouncementGroup.h */ = {isa = PBXFileReference; fileEncoding = 4; lastKnownFileType = sourcecode.c.h; path = ASLSAnnouncementGroup.h; sourceTree = "<group>"; };
		DC5066F9175D6C5A003579C6 /* ASLSAnnouncementGroup.m */ = {isa = PBXFileReference; fileEncoding = 4; lastKnownFileType = sourcecode.c.objc; path = ASLSAnnouncementGroup.m; sourceTree = "<group>"; };
		DC5067F2175DADDA003579C6 /* ASLSSiteSettings.h */ = {isa = PBXFileReference; fileEncoding = 4; lastKnownFileType = sourcecode.c.h; path = ASLSSiteSettings.h; sourceTree = "<group>"; };
		DC5067F5175DC56D003579C6 /* announce_codes.json */ = {isa = PBXFileReference; fileEncoding = 4; lastKnownFileType = text.json; path = announce_codes.json; sourceTree = "<group>"; };
		DC5067F7175DCACA003579C6 /* groupings.json */ = {isa = PBXFileReference; fileEncoding = 4; lastKnownFileType = text.json; path = groupings.json; sourceTree = "<group>"; };
		DC5067F9175DD679003579C6 /* iPhone.png */ = {isa = PBXFileReference; lastKnownFileType = image.png; name = iPhone.png; path = ../iPhone.png; sourceTree = "<group>"; };
		DC5067FB175DD6BA003579C6 /* iPhone Retina.png */ = {isa = PBXFileReference; lastKnownFileType = image.png; name = "iPhone Retina.png"; path = "../iPhone Retina.png"; sourceTree = "<group>"; };
		DC5067FD175DD6C2003579C6 /* iPad.png */ = {isa = PBXFileReference; lastKnownFileType = image.png; name = iPad.png; path = ../iPad.png; sourceTree = "<group>"; };
		DC5067FF175DD6C6003579C6 /* iPad Retina.png */ = {isa = PBXFileReference; lastKnownFileType = image.png; name = "iPad Retina.png"; path = "../iPad Retina.png"; sourceTree = "<group>"; };
		DCFDA666175EB1CA004FBD9F /* ASLSAnnouncementCell.h */ = {isa = PBXFileReference; fileEncoding = 4; lastKnownFileType = sourcecode.c.h; path = ASLSAnnouncementCell.h; sourceTree = "<group>"; };
		DCFDA667175EB1CA004FBD9F /* ASLSAnnouncementCell.m */ = {isa = PBXFileReference; fileEncoding = 4; lastKnownFileType = sourcecode.c.objc; path = ASLSAnnouncementCell.m; sourceTree = "<group>"; };
/* End PBXFileReference section */

/* Begin PBXFrameworksBuildPhase section */
		DC5066CF175D6560003579C6 /* Frameworks */ = {
			isa = PBXFrameworksBuildPhase;
			buildActionMask = 2147483647;
			files = (
				DC5066D6175D6560003579C6 /* UIKit.framework in Frameworks */,
				DC5066D8175D6560003579C6 /* Foundation.framework in Frameworks */,
				DC5066DA175D6560003579C6 /* CoreGraphics.framework in Frameworks */,
			);
			runOnlyForDeploymentPostprocessing = 0;
		};
/* End PBXFrameworksBuildPhase section */

/* Begin PBXGroup section */
		DC5066C9175D6560003579C6 = {
			isa = PBXGroup;
			children = (
				DC5066DB175D6560003579C6 /* AS Announcer */,
				DC5066D4175D6560003579C6 /* Frameworks */,
				DC5066D3175D6560003579C6 /* Products */,
			);
			sourceTree = "<group>";
		};
		DC5066D3175D6560003579C6 /* Products */ = {
			isa = PBXGroup;
			children = (
				DC5066D2175D6560003579C6 /* AS Announcer.app */,
			);
			name = Products;
			sourceTree = "<group>";
		};
		DC5066D4175D6560003579C6 /* Frameworks */ = {
			isa = PBXGroup;
			children = (
				DC5066D5175D6560003579C6 /* UIKit.framework */,
				DC5066D7175D6560003579C6 /* Foundation.framework */,
				DC5066D9175D6560003579C6 /* CoreGraphics.framework */,
			);
			name = Frameworks;
			sourceTree = "<group>";
		};
		DC5066DB175D6560003579C6 /* AS Announcer */ = {
			isa = PBXGroup;
			children = (
				DC5067F2175DADDA003579C6 /* ASLSSiteSettings.h */,
				DC5066F5175D66DE003579C6 /* ASLSAnnouncement.h */,
				DC5066F6175D66DE003579C6 /* ASLSAnnouncement.m */,
				DC5066E4175D6560003579C6 /* ASLSAppDelegate.h */,
				DC5066E5175D6560003579C6 /* ASLSAppDelegate.m */,
				DC5066F2175D65BE003579C6 /* ASLSAnnouncementsViewController.h */,
				DC5066F3175D65BE003579C6 /* ASLSAnnouncementsViewController.m */,
				DCFDA666175EB1CA004FBD9F /* ASLSAnnouncementCell.h */,
				DCFDA667175EB1CA004FBD9F /* ASLSAnnouncementCell.m */,
				DC5066F8175D6C5A003579C6 /* ASLSAnnouncementGroup.h */,
				DC5066F9175D6C5A003579C6 /* ASLSAnnouncementGroup.m */,
				DC5066DC175D6560003579C6 /* Supporting Files */,
			);
			path = "AS Announcer";
			sourceTree = "<group>";
		};
		DC5066DC175D6560003579C6 /* Supporting Files */ = {
			isa = PBXGroup;
			children = (
				DC5067FF175DD6C6003579C6 /* iPad Retina.png */,
				DC5067FD175DD6C2003579C6 /* iPad.png */,
				DC5067FB175DD6BA003579C6 /* iPhone Retina.png */,
				DC5067F9175DD679003579C6 /* iPhone.png */,
				DC5067F5175DC56D003579C6 /* announce_codes.json */,
				DC5067F7175DCACA003579C6 /* groupings.json */,
				DC5066DD175D6560003579C6 /* AS Announcer-Info.plist */,
				DC5066DE175D6560003579C6 /* InfoPlist.strings */,
				DC5066E1175D6560003579C6 /* main.m */,
				DC5066E3175D6560003579C6 /* AS Announcer-Prefix.pch */,
				DC5066E7175D6560003579C6 /* Default.png */,
				DC5066E9175D6560003579C6 /* Default@2x.png */,
				DC5066EB175D6560003579C6 /* Default-568h@2x.png */,
			);
			name = "Supporting Files";
			sourceTree = "<group>";
		};
/* End PBXGroup section */

/* Begin PBXNativeTarget section */
		DC5066D1175D6560003579C6 /* AS Announcer */ = {
			isa = PBXNativeTarget;
			buildConfigurationList = DC5066EF175D6560003579C6 /* Build configuration list for PBXNativeTarget "AS Announcer" */;
			buildPhases = (
				DC5066CE175D6560003579C6 /* Sources */,
				DC5066CF175D6560003579C6 /* Frameworks */,
				DC5066D0175D6560003579C6 /* Resources */,
			);
			buildRules = (
			);
			dependencies = (
			);
			name = "AS Announcer";
			productName = "AS Announcer";
			productReference = DC5066D2175D6560003579C6 /* AS Announcer.app */;
			productType = "com.apple.product-type.application";
		};
/* End PBXNativeTarget section */

/* Begin PBXProject section */
		DC5066CA175D6560003579C6 /* Project object */ = {
			isa = PBXProject;
			attributes = {
				CLASSPREFIX = ASLS;
				LastUpgradeCheck = 0460;
				ORGANIZATIONNAME = "Robbie Clarken";
			};
			buildConfigurationList = DC5066CD175D6560003579C6 /* Build configuration list for PBXProject "AS Announcer" */;
			compatibilityVersion = "Xcode 3.2";
			developmentRegion = English;
			hasScannedForEncodings = 0;
			knownRegions = (
				en,
			);
			mainGroup = DC5066C9175D6560003579C6;
			productRefGroup = DC5066D3175D6560003579C6 /* Products */;
			projectDirPath = "";
			projectRoot = "";
			targets = (
				DC5066D1175D6560003579C6 /* AS Announcer */,
			);
		};
/* End PBXProject section */

/* Begin PBXResourcesBuildPhase section */
		DC5066D0175D6560003579C6 /* Resources */ = {
			isa = PBXResourcesBuildPhase;
			buildActionMask = 2147483647;
			files = (
				DC5066E0175D6560003579C6 /* InfoPlist.strings in Resources */,
				DC5066E8175D6560003579C6 /* Default.png in Resources */,
				DC5066EA175D6560003579C6 /* Default@2x.png in Resources */,
				DC5066EC175D6560003579C6 /* Default-568h@2x.png in Resources */,
				DC5067F6175DC56D003579C6 /* announce_codes.json in Resources */,
				DC5067F8175DCACA003579C6 /* groupings.json in Resources */,
				DC5067FA175DD679003579C6 /* iPhone.png in Resources */,
				DC5067FC175DD6BA003579C6 /* iPhone Retina.png in Resources */,
				DC5067FE175DD6C2003579C6 /* iPad.png in Resources */,
				DC506800175DD6C6003579C6 /* iPad Retina.png in Resources */,
			);
			runOnlyForDeploymentPostprocessing = 0;
		};
/* End PBXResourcesBuildPhase section */

/* Begin PBXSourcesBuildPhase section */
		DC5066CE175D6560003579C6 /* Sources */ = {
			isa = PBXSourcesBuildPhase;
			buildActionMask = 2147483647;
			files = (
				DC5066E2175D6560003579C6 /* main.m in Sources */,
				DC5066E6175D6560003579C6 /* ASLSAppDelegate.m in Sources */,
				DC5066F4175D65BE003579C6 /* ASLSAnnouncementsViewController.m in Sources */,
				DC5066F7175D66DE003579C6 /* ASLSAnnouncement.m in Sources */,
				DC5066FA175D6C5B003579C6 /* ASLSAnnouncementGroup.m in Sources */,
				DCFDA668175EB1CA004FBD9F /* ASLSAnnouncementCell.m in Sources */,
			);
			runOnlyForDeploymentPostprocessing = 0;
		};
/* End PBXSourcesBuildPhase section */

/* Begin PBXVariantGroup section */
		DC5066DE175D6560003579C6 /* InfoPlist.strings */ = {
			isa = PBXVariantGroup;
			children = (
				DC5066DF175D6560003579C6 /* en */,
			);
			name = InfoPlist.strings;
			sourceTree = "<group>";
		};
/* End PBXVariantGroup section */

/* Begin XCBuildConfiguration section */
		DC5066ED175D6560003579C6 /* Debug */ = {
			isa = XCBuildConfiguration;
			buildSettings = {
				ALWAYS_SEARCH_USER_PATHS = NO;
				CLANG_CXX_LANGUAGE_STANDARD = "gnu++0x";
				CLANG_CXX_LIBRARY = "libc++";
				CLANG_ENABLE_OBJC_ARC = YES;
				CLANG_WARN_CONSTANT_CONVERSION = YES;
				CLANG_WARN_EMPTY_BODY = YES;
				CLANG_WARN_ENUM_CONVERSION = YES;
				CLANG_WARN_INT_CONVERSION = YES;
				CLANG_WARN__DUPLICATE_METHOD_MATCH = YES;
				"CODE_SIGN_IDENTITY[sdk=iphoneos*]" = "iPhone Developer";
				COPY_PHASE_STRIP = NO;
				GCC_C_LANGUAGE_STANDARD = gnu99;
				GCC_DYNAMIC_NO_PIC = NO;
				GCC_OPTIMIZATION_LEVEL = 0;
				GCC_PREPROCESSOR_DEFINITIONS = (
					"DEBUG=1",
					"$(inherited)",
				);
				GCC_SYMBOLS_PRIVATE_EXTERN = NO;
				GCC_WARN_ABOUT_RETURN_TYPE = YES;
				GCC_WARN_UNINITIALIZED_AUTOS = YES;
				GCC_WARN_UNUSED_VARIABLE = YES;
				HEADER_SEARCH_PATHS = "";
				IPHONEOS_DEPLOYMENT_TARGET = 6.1;
				ONLY_ACTIVE_ARCH = YES;
				OTHER_LDFLAGS = "";
				SDKROOT = iphoneos;
				TARGETED_DEVICE_FAMILY = "1,2";
			};
			name = Debug;
		};
		DC5066EE175D6560003579C6 /* Release */ = {
			isa = XCBuildConfiguration;
			buildSettings = {
				ALWAYS_SEARCH_USER_PATHS = NO;
				CLANG_CXX_LANGUAGE_STANDARD = "gnu++0x";
				CLANG_CXX_LIBRARY = "libc++";
				CLANG_ENABLE_OBJC_ARC = YES;
				CLANG_WARN_CONSTANT_CONVERSION = YES;
				CLANG_WARN_EMPTY_BODY = YES;
				CLANG_WARN_ENUM_CONVERSION = YES;
				CLANG_WARN_INT_CONVERSION = YES;
				CLANG_WARN__DUPLICATE_METHOD_MATCH = YES;
				"CODE_SIGN_IDENTITY[sdk=iphoneos*]" = "iPhone Developer";
				COPY_PHASE_STRIP = YES;
				GCC_C_LANGUAGE_STANDARD = gnu99;
				GCC_WARN_ABOUT_RETURN_TYPE = YES;
				GCC_WARN_UNINITIALIZED_AUTOS = YES;
				GCC_WARN_UNUSED_VARIABLE = YES;
				HEADER_SEARCH_PATHS = "";
				IPHONEOS_DEPLOYMENT_TARGET = 6.1;
				OTHER_CFLAGS = "-DNS_BLOCK_ASSERTIONS=1";
				OTHER_LDFLAGS = "";
				SDKROOT = iphoneos;
				TARGETED_DEVICE_FAMILY = "1,2";
				VALIDATE_PRODUCT = YES;
			};
			name = Release;
		};
		DC5066F0175D6560003579C6 /* Debug */ = {
			isa = XCBuildConfiguration;
			buildSettings = {
				FRAMEWORK_SEARCH_PATHS = (
					"$(inherited)",
					"\"$(SRCROOT)\"",
				);
				GCC_PRECOMPILE_PREFIX_HEADER = YES;
				GCC_PREFIX_HEADER = "AS Announcer/AS Announcer-Prefix.pch";
				INFOPLIST_FILE = "AS Announcer/AS Announcer-Info.plist";
				PRODUCT_NAME = "$(TARGET_NAME)";
				WRAPPER_EXTENSION = app;
			};
			name = Debug;
		};
		DC5066F1175D6560003579C6 /* Release */ = {
			isa = XCBuildConfiguration;
			buildSettings = {
				FRAMEWORK_SEARCH_PATHS = (
					"$(inherited)",
					"\"$(SRCROOT)\"",
				);
				GCC_PRECOMPILE_PREFIX_HEADER = YES;
				GCC_PREFIX_HEADER = "AS Announcer/AS Announcer-Prefix.pch";
				INFOPLIST_FILE = "AS Announcer/AS Announcer-Info.plist";
				PRODUCT_NAME = "$(TARGET_NAME)";
				WRAPPER_EXTENSION = app;
			};
			name = Release;
		};
/* End XCBuildConfiguration section */

/* Begin XCConfigurationList section */
		DC5066CD175D6560003579C6 /* Build configuration list for PBXProject "AS Announcer" */ = {
			isa = XCConfigurationList;
			buildConfigurations = (
				DC5066ED175D6560003579C6 /* Debug */,
				DC5066EE175D6560003579C6 /* Release */,
			);
			defaultConfigurationIsVisible = 0;
			defaultConfigurationName = Release;
		};
		DC5066EF175D6560003579C6 /* Build configuration list for PBXNativeTarget "AS Announcer" */ = {
			isa = XCConfigurationList;
			buildConfigurations = (
				DC5066F0175D6560003579C6 /* Debug */,
				DC5066F1175D6560003579C6 /* Release */,
			);
			defaultConfigurationIsVisible = 0;
			defaultConfigurationName = Release;
		};
/* End XCConfigurationList section */
	};
	rootObject = DC5066CA175D6560003579C6 /* Project object */;
}
